// !$*UTF8*$!
{
	archiveVersion = 1;
	classes = {
	};
	objectVersion = 50;
	objects = {

/* Begin PBXBuildFile section */
		000ACC5522AE337C00711E1A /* NewsModel.swift in Sources */ = {isa = PBXBuildFile; fileRef = 000ACC5422AE337C00711E1A /* NewsModel.swift */; };
		000ACC5922AE357200711E1A /* Foundation+Extension.swift in Sources */ = {isa = PBXBuildFile; fileRef = 000ACC5822AE357200711E1A /* Foundation+Extension.swift */; };
		000ACC5B22AF9AFA00711E1A /* SVProgressHUD+Extension.swift in Sources */ = {isa = PBXBuildFile; fileRef = 000ACC5A22AF9AFA00711E1A /* SVProgressHUD+Extension.swift */; };
		00343A0D229B903E00DFE790 /* AppDelegate.swift in Sources */ = {isa = PBXBuildFile; fileRef = 00343A0C229B903E00DFE790 /* AppDelegate.swift */; };
		00343A0F229B903E00DFE790 /* ViewController.swift in Sources */ = {isa = PBXBuildFile; fileRef = 00343A0E229B903E00DFE790 /* ViewController.swift */; };
		00343A12229B903E00DFE790 /* Main.storyboard in Resources */ = {isa = PBXBuildFile; fileRef = 00343A10229B903E00DFE790 /* Main.storyboard */; };
		00343A14229B903F00DFE790 /* Assets.xcassets in Resources */ = {isa = PBXBuildFile; fileRef = 00343A13229B903F00DFE790 /* Assets.xcassets */; };
		00343A17229B903F00DFE790 /* LaunchScreen.storyboard in Resources */ = {isa = PBXBuildFile; fileRef = 00343A15229B903F00DFE790 /* LaunchScreen.storyboard */; };
		00343A28229BB56E00DFE790 /* MyNavigationController.swift in Sources */ = {isa = PBXBuildFile; fileRef = 00343A27229BB56E00DFE790 /* MyNavigationController.swift */; };
		00343A2A229BB5E300DFE790 /* MyTabbarController.swift in Sources */ = {isa = PBXBuildFile; fileRef = 00343A29229BB5E300DFE790 /* MyTabbarController.swift */; };
		00343AF1229BF20900DFE790 /* Const.swift in Sources */ = {isa = PBXBuildFile; fileRef = 00343AF0229BF20900DFE790 /* Const.swift */; };
		00343B08229C05ED00DFE790 /* HomeViewController.swift in Sources */ = {isa = PBXBuildFile; fileRef = 00343B07229C05ED00DFE790 /* HomeViewController.swift */; };
		00343B0A229C060700DFE790 /* VideoViewController.swift in Sources */ = {isa = PBXBuildFile; fileRef = 00343B09229C060700DFE790 /* VideoViewController.swift */; };
		00343B0C229C061A00DFE790 /* HuoshanViewController.swift in Sources */ = {isa = PBXBuildFile; fileRef = 00343B0B229C061A00DFE790 /* HuoshanViewController.swift */; };
		00343B0E229C065500DFE790 /* WeitoutiaoViewController.swift in Sources */ = {isa = PBXBuildFile; fileRef = 00343B0D229C065500DFE790 /* WeitoutiaoViewController.swift */; };
		00343B10229C068100DFE790 /* RedPackageViewController.swift in Sources */ = {isa = PBXBuildFile; fileRef = 00343B0F229C068100DFE790 /* RedPackageViewController.swift */; };
		00343B12229C068F00DFE790 /* RedPackageViewController2.swift in Sources */ = {isa = PBXBuildFile; fileRef = 00343B11229C068F00DFE790 /* RedPackageViewController2.swift */; };
		00343B14229C0BB200DFE790 /* MyTabbar.swift in Sources */ = {isa = PBXBuildFile; fileRef = 00343B13229C0BB200DFE790 /* MyTabbar.swift */; };
		00343B16229C0BD400DFE790 /* RichLabel.swift in Sources */ = {isa = PBXBuildFile; fileRef = 00343B15229C0BD400DFE790 /* RichLabel.swift */; };
		00343B18229C0BF800DFE790 /* RefreshView.swift in Sources */ = {isa = PBXBuildFile; fileRef = 00343B17229C0BF800DFE790 /* RefreshView.swift */; };
		00343B1B229C102500DFE790 /* default_theme.plist in Resources */ = {isa = PBXBuildFile; fileRef = 00343B1A229C102500DFE790 /* default_theme.plist */; };
		007D972922A120770000AE47 /* SettingViewController.swift in Sources */ = {isa = PBXBuildFile; fileRef = 007D972822A120770000AE47 /* SettingViewController.swift */; };
		007D972B22A1209D0000AE47 /* OfflineDownloadController.swift in Sources */ = {isa = PBXBuildFile; fileRef = 007D972A22A1209D0000AE47 /* OfflineDownloadController.swift */; };
		007D972E22A120BD0000AE47 /* UserDetailViewController.swift in Sources */ = {isa = PBXBuildFile; fileRef = 007D972C22A120BD0000AE47 /* UserDetailViewController.swift */; };
		007D972F22A120BD0000AE47 /* UserDetailViewController.xib in Resources */ = {isa = PBXBuildFile; fileRef = 007D972D22A120BD0000AE47 /* UserDetailViewController.xib */; };
		007D973122A120E50000AE47 /* UserDetailBottomPushController.swift in Sources */ = {isa = PBXBuildFile; fileRef = 007D973022A120E50000AE47 /* UserDetailBottomPushController.swift */; };
		007D973422A121100000AE47 /* UserDetailBottomPopController.swift in Sources */ = {isa = PBXBuildFile; fileRef = 007D973222A121100000AE47 /* UserDetailBottomPopController.swift */; };
		007D973522A121100000AE47 /* UserDetailBottomPopController.xib in Resources */ = {isa = PBXBuildFile; fileRef = 007D973322A121100000AE47 /* UserDetailBottomPopController.xib */; };
		007D973722A121830000AE47 /* MyPresentationController.swift in Sources */ = {isa = PBXBuildFile; fileRef = 007D973622A121830000AE47 /* MyPresentationController.swift */; };
		007D973A22A121E80000AE47 /* PreviewDongtaiBigImageController.swift in Sources */ = {isa = PBXBuildFile; fileRef = 007D973822A121E80000AE47 /* PreviewDongtaiBigImageController.swift */; };
		007D973B22A121E80000AE47 /* PreviewDongtaiBigImageController.xib in Resources */ = {isa = PBXBuildFile; fileRef = 007D973922A121E80000AE47 /* PreviewDongtaiBigImageController.xib */; };
		007D973E22A1220D0000AE47 /* PreviewUserAvatarController.swift in Sources */ = {isa = PBXBuildFile; fileRef = 007D973C22A1220D0000AE47 /* PreviewUserAvatarController.swift */; };
		007D973F22A1220D0000AE47 /* PreviewUserAvatarController.xib in Resources */ = {isa = PBXBuildFile; fileRef = 007D973D22A1220D0000AE47 /* PreviewUserAvatarController.xib */; };
		007D974222A122390000AE47 /* UserDetailViewController2.swift in Sources */ = {isa = PBXBuildFile; fileRef = 007D974022A122390000AE47 /* UserDetailViewController2.swift */; };
		007D974322A122390000AE47 /* UserDetailViewController2.xib in Resources */ = {isa = PBXBuildFile; fileRef = 007D974122A122390000AE47 /* UserDetailViewController2.xib */; };
		007D974522A122590000AE47 /* DongtaiTableViewController.swift in Sources */ = {isa = PBXBuildFile; fileRef = 007D974422A122590000AE47 /* DongtaiTableViewController.swift */; };
		007D974822A122750000AE47 /* DongtaiDetailViewController.swift in Sources */ = {isa = PBXBuildFile; fileRef = 007D974622A122750000AE47 /* DongtaiDetailViewController.swift */; };
		007D974922A122750000AE47 /* DongtaiDetailViewController.xib in Resources */ = {isa = PBXBuildFile; fileRef = 007D974722A122750000AE47 /* DongtaiDetailViewController.xib */; };
		007D975022A122CC0000AE47 /* UserDiggViewController.swift in Sources */ = {isa = PBXBuildFile; fileRef = 007D974E22A122CC0000AE47 /* UserDiggViewController.swift */; };
		007D975122A122CC0000AE47 /* UserDiggViewController.xib in Resources */ = {isa = PBXBuildFile; fileRef = 007D974F22A122CC0000AE47 /* UserDiggViewController.xib */; };
		007D975522A123960000AE47 /* DongtaiCollectionView.xib in Resources */ = {isa = PBXBuildFile; fileRef = 007D975422A123960000AE47 /* DongtaiCollectionView.xib */; };
		007D975722A1252D0000AE47 /* DongtaiCollectionView.swift in Sources */ = {isa = PBXBuildFile; fileRef = 007D975622A1252D0000AE47 /* DongtaiCollectionView.swift */; };
		007D975A22A127890000AE47 /* DongtaiCollectionViewCell.swift in Sources */ = {isa = PBXBuildFile; fileRef = 007D975822A127890000AE47 /* DongtaiCollectionViewCell.swift */; };
		007D975B22A127890000AE47 /* DongtaiCollectionViewCell.xib in Resources */ = {isa = PBXBuildFile; fileRef = 007D975922A127890000AE47 /* DongtaiCollectionViewCell.xib */; };
		007D975E22A149B30000AE47 /* DongtaiCommentTableViewCell.swift in Sources */ = {isa = PBXBuildFile; fileRef = 007D975C22A149B30000AE47 /* DongtaiCommentTableViewCell.swift */; };
		007D975F22A149B30000AE47 /* DongtaiCommentTableViewCell.xib in Resources */ = {isa = PBXBuildFile; fileRef = 007D975D22A149B30000AE47 /* DongtaiCommentTableViewCell.xib */; };
		007D976122A149E20000AE47 /* DongtaiDetailHeaderView.swift in Sources */ = {isa = PBXBuildFile; fileRef = 007D976022A149E20000AE47 /* DongtaiDetailHeaderView.swift */; };
		007D976322A14A040000AE47 /* DongtaiDetailHeaderView.xib in Resources */ = {isa = PBXBuildFile; fileRef = 007D976222A14A040000AE47 /* DongtaiDetailHeaderView.xib */; };
		007D976522A14A430000AE47 /* DongtaiNavigationBar.swift in Sources */ = {isa = PBXBuildFile; fileRef = 007D976422A14A430000AE47 /* DongtaiNavigationBar.swift */; };
		007D976722A14A4F0000AE47 /* DongtaiNavigationBar.xib in Resources */ = {isa = PBXBuildFile; fileRef = 007D976622A14A4F0000AE47 /* DongtaiNavigationBar.xib */; };
		007D976922A14A830000AE47 /* DongtaiOriginThreadView.swift in Sources */ = {isa = PBXBuildFile; fileRef = 007D976822A14A830000AE47 /* DongtaiOriginThreadView.swift */; };
		007D976B22A14A980000AE47 /* DongtaiOriginThreadView.xib in Resources */ = {isa = PBXBuildFile; fileRef = 007D976A22A14A980000AE47 /* DongtaiOriginThreadView.xib */; };
		007D977022A14AF00000AE47 /* EmojiCollectionCell.swift in Sources */ = {isa = PBXBuildFile; fileRef = 007D976E22A14AF00000AE47 /* EmojiCollectionCell.swift */; };
		007D977122A14AF00000AE47 /* EmojiCollectionCell.xib in Resources */ = {isa = PBXBuildFile; fileRef = 007D976F22A14AF00000AE47 /* EmojiCollectionCell.xib */; };
		007D977322A14B280000AE47 /* EmojiLayout.swift in Sources */ = {isa = PBXBuildFile; fileRef = 007D977222A14B280000AE47 /* EmojiLayout.swift */; };
		007D977622A14B5F0000AE47 /* OfflineDownloadCell.swift in Sources */ = {isa = PBXBuildFile; fileRef = 007D977422A14B5F0000AE47 /* OfflineDownloadCell.swift */; };
		007D977722A14B5F0000AE47 /* OfflineDownloadCell.xib in Resources */ = {isa = PBXBuildFile; fileRef = 007D977522A14B5F0000AE47 /* OfflineDownloadCell.xib */; };
		007D977922A14B8C0000AE47 /* OfflineSectionHeader.swift in Sources */ = {isa = PBXBuildFile; fileRef = 007D977822A14B8C0000AE47 /* OfflineSectionHeader.swift */; };
		007D977B22A14BA10000AE47 /* PostCommentView.swift in Sources */ = {isa = PBXBuildFile; fileRef = 007D977A22A14BA10000AE47 /* PostCommentView.swift */; };
		007D977D22A14BAD0000AE47 /* PostCommentView.xib in Resources */ = {isa = PBXBuildFile; fileRef = 007D977C22A14BAD0000AE47 /* PostCommentView.xib */; };
		007D977F22A14BDF0000AE47 /* PostVideoOrArticleView.swift in Sources */ = {isa = PBXBuildFile; fileRef = 007D977E22A14BDF0000AE47 /* PostVideoOrArticleView.swift */; };
		007D978122A14BEB0000AE47 /* PostVideoOrArticleView.xib in Resources */ = {isa = PBXBuildFile; fileRef = 007D978022A14BEB0000AE47 /* PostVideoOrArticleView.xib */; };
		007D978322A14C1C0000AE47 /* PreviewDongtaiBigImageLayout.swift in Sources */ = {isa = PBXBuildFile; fileRef = 007D978222A14C1C0000AE47 /* PreviewDongtaiBigImageLayout.swift */; };
		007D978622A14C420000AE47 /* RelationRecommendCell.swift in Sources */ = {isa = PBXBuildFile; fileRef = 007D978422A14C420000AE47 /* RelationRecommendCell.swift */; };
		007D978722A14C420000AE47 /* RelationRecommendCell.xib in Resources */ = {isa = PBXBuildFile; fileRef = 007D978522A14C420000AE47 /* RelationRecommendCell.xib */; };
		007D978922A14C710000AE47 /* RelationRecommendView.swift in Sources */ = {isa = PBXBuildFile; fileRef = 007D978822A14C710000AE47 /* RelationRecommendView.swift */; };
		007D978B22A14C830000AE47 /* RelationRecommendView.xib in Resources */ = {isa = PBXBuildFile; fileRef = 007D978A22A14C830000AE47 /* RelationRecommendView.xib */; };
		007D978E22A14CB10000AE47 /* SettingCell.swift in Sources */ = {isa = PBXBuildFile; fileRef = 007D978C22A14CB10000AE47 /* SettingCell.swift */; };
		007D978F22A14CB10000AE47 /* SettingCell.xib in Resources */ = {isa = PBXBuildFile; fileRef = 007D978D22A14CB10000AE47 /* SettingCell.xib */; };
		007D979122A14CD50000AE47 /* TopTabScrollView.swift in Sources */ = {isa = PBXBuildFile; fileRef = 007D979022A14CD50000AE47 /* TopTabScrollView.swift */; };
		007D979322A14CF20000AE47 /* UserDetailBottomView.swift in Sources */ = {isa = PBXBuildFile; fileRef = 007D979222A14CF20000AE47 /* UserDetailBottomView.swift */; };
		007D979622A14D4D0000AE47 /* UserDetailCell.swift in Sources */ = {isa = PBXBuildFile; fileRef = 007D979422A14D4D0000AE47 /* UserDetailCell.swift */; };
		007D979722A14D4D0000AE47 /* UserDetailCell.xib in Resources */ = {isa = PBXBuildFile; fileRef = 007D979522A14D4D0000AE47 /* UserDetailCell.xib */; };
		007D979A22A14D6F0000AE47 /* UserDetailDongTaiCell.swift in Sources */ = {isa = PBXBuildFile; fileRef = 007D979822A14D6F0000AE47 /* UserDetailDongTaiCell.swift */; };
		007D979B22A14D6F0000AE47 /* UserDetailDongTaiCell.xib in Resources */ = {isa = PBXBuildFile; fileRef = 007D979922A14D6F0000AE47 /* UserDetailDongTaiCell.xib */; };
		007D979F22A14D9C0000AE47 /* UserDetailHeaderView.xib in Resources */ = {isa = PBXBuildFile; fileRef = 007D979E22A14D9C0000AE47 /* UserDetailHeaderView.xib */; };
		007D97A122A14DC20000AE47 /* UserDetailHeaderView.swift in Sources */ = {isa = PBXBuildFile; fileRef = 007D97A022A14DC20000AE47 /* UserDetailHeaderView.swift */; };
		007D97A322A14DF00000AE47 /* UserDetailHeaderView2.swift in Sources */ = {isa = PBXBuildFile; fileRef = 007D97A222A14DF00000AE47 /* UserDetailHeaderView2.swift */; };
		007D97A722A14E430000AE47 /* UserDetailNavigationBar.swift in Sources */ = {isa = PBXBuildFile; fileRef = 007D97A622A14E430000AE47 /* UserDetailNavigationBar.swift */; };
		007D97A922A14E5E0000AE47 /* UserDetailNavigationBar.xib in Resources */ = {isa = PBXBuildFile; fileRef = 007D97A822A14E5E0000AE47 /* UserDetailNavigationBar.xib */; };
		007D97AC22A14E920000AE47 /* UserDetailWendaCell.swift in Sources */ = {isa = PBXBuildFile; fileRef = 007D97AA22A14E920000AE47 /* UserDetailWendaCell.swift */; };
		007D97AD22A14E920000AE47 /* UserDetailWendaCell.xib in Resources */ = {isa = PBXBuildFile; fileRef = 007D97AB22A14E920000AE47 /* UserDetailWendaCell.xib */; };
		007D97B022A14EAF0000AE47 /* UserDiggCell.swift in Sources */ = {isa = PBXBuildFile; fileRef = 007D97AE22A14EAF0000AE47 /* UserDiggCell.swift */; };
		007D97B122A14EAF0000AE47 /* UserDiggCell.xib in Resources */ = {isa = PBXBuildFile; fileRef = 007D97AF22A14EAF0000AE47 /* UserDiggCell.xib */; };
		00AA05C2229FAA53005529D3 /* UIKit+Extension.swift in Sources */ = {isa = PBXBuildFile; fileRef = 00AA05C1229FAA53005529D3 /* UIKit+Extension.swift */; };
		00AA05C4229FBDD4005529D3 /* Emoji.swift in Sources */ = {isa = PBXBuildFile; fileRef = 00AA05C3229FBDD4005529D3 /* Emoji.swift */; };
		00AA05CC22A0C40D005529D3 /* Calculatable.swift in Sources */ = {isa = PBXBuildFile; fileRef = 00AA05CB22A0C40D005529D3 /* Calculatable.swift */; };
		00AA05CE22A0CAB7005529D3 /* UserDetail.swift in Sources */ = {isa = PBXBuildFile; fileRef = 00AA05CD22A0CAB7005529D3 /* UserDetail.swift */; };
		00AA05D222A0CD05005529D3 /* SettingModel.swift in Sources */ = {isa = PBXBuildFile; fileRef = 00AA05D122A0CD05005529D3 /* SettingModel.swift */; };
		00AA05D422A0CDB8005529D3 /* PopoverAnimator.swift in Sources */ = {isa = PBXBuildFile; fileRef = 00AA05D322A0CDB8005529D3 /* PopoverAnimator.swift */; };
		00AA05D722A0D209005529D3 /* MyOtherCell.swift in Sources */ = {isa = PBXBuildFile; fileRef = 00AA05D522A0D209005529D3 /* MyOtherCell.swift */; };
		00AA05D822A0D209005529D3 /* MyOtherCell.xib in Resources */ = {isa = PBXBuildFile; fileRef = 00AA05D622A0D209005529D3 /* MyOtherCell.xib */; };
		00AA05DF22A0D44A005529D3 /* MyFirstSectionCell.swift in Sources */ = {isa = PBXBuildFile; fileRef = 00AA05DD22A0D44A005529D3 /* MyFirstSectionCell.swift */; };
		00AA05E022A0D44A005529D3 /* MyFirstSectionCell.xib in Resources */ = {isa = PBXBuildFile; fileRef = 00AA05DE22A0D44A005529D3 /* MyFirstSectionCell.xib */; };
		00AA05EC22A0D872005529D3 /* MyConcernCell.xib in Resources */ = {isa = PBXBuildFile; fileRef = 00AA05EA22A0D872005529D3 /* MyConcernCell.xib */; };
		00AA05EE22A0D96A005529D3 /* MyConcernCell.swift in Sources */ = {isa = PBXBuildFile; fileRef = 00AA05ED22A0D96A005529D3 /* MyConcernCell.swift */; };
		00AA05F122A0DB9B005529D3 /* NoLoginHeaderView.swift in Sources */ = {isa = PBXBuildFile; fileRef = 00AA05EF22A0DB9A005529D3 /* NoLoginHeaderView.swift */; };
		00AA05F222A0DB9B005529D3 /* NoLoginHeaderView.xib in Resources */ = {isa = PBXBuildFile; fileRef = 00AA05F022A0DB9B005529D3 /* NoLoginHeaderView.xib */; };
		00AA05F422A0DC98005529D3 /* MyTheme.swift in Sources */ = {isa = PBXBuildFile; fileRef = 00AA05F322A0DC98005529D3 /* MyTheme.swift */; };
		00E5231222A27427006EF395 /* SnapKitTestView.swift in Sources */ = {isa = PBXBuildFile; fileRef = 00E5231122A27427006EF395 /* SnapKitTestView.swift */; };
		D9EEF53EE8C602117F7156D6 /* Pods_TodayNews.framework in Frameworks */ = {isa = PBXBuildFile; fileRef = 952362B8E1051BC8E58A3F2A /* Pods_TodayNews.framework */; };
		F44C116A229D84EB009A15C7 /* night_theme.plist in Resources */ = {isa = PBXBuildFile; fileRef = F44C1169229D84EB009A15C7 /* night_theme.plist */; };
		F44C1170229D8554009A15C7 /* MineViewController.swift in Sources */ = {isa = PBXBuildFile; fileRef = F44C116F229D8554009A15C7 /* MineViewController.swift */; };
		F44C1172229D85C7009A15C7 /* MyCellModel.swift in Sources */ = {isa = PBXBuildFile; fileRef = F44C1171229D85C7009A15C7 /* MyCellModel.swift */; };
		F44C1176229D87E2009A15C7 /* NetworkTool.swift in Sources */ = {isa = PBXBuildFile; fileRef = F44C1175229D87E2009A15C7 /* NetworkTool.swift */; };
/* End PBXBuildFile section */

/* Begin PBXFileReference section */
		000ACC5422AE337C00711E1A /* NewsModel.swift */ = {isa = PBXFileReference; lastKnownFileType = sourcecode.swift; path = NewsModel.swift; sourceTree = "<group>"; };
		000ACC5822AE357200711E1A /* Foundation+Extension.swift */ = {isa = PBXFileReference; lastKnownFileType = sourcecode.swift; path = "Foundation+Extension.swift"; sourceTree = "<group>"; };
		000ACC5A22AF9AFA00711E1A /* SVProgressHUD+Extension.swift */ = {isa = PBXFileReference; lastKnownFileType = sourcecode.swift; path = "SVProgressHUD+Extension.swift"; sourceTree = "<group>"; };
		00343A09229B903D00DFE790 /* TodayNews.app */ = {isa = PBXFileReference; explicitFileType = wrapper.application; includeInIndex = 0; path = TodayNews.app; sourceTree = BUILT_PRODUCTS_DIR; };
		00343A0C229B903E00DFE790 /* AppDelegate.swift */ = {isa = PBXFileReference; lastKnownFileType = sourcecode.swift; path = AppDelegate.swift; sourceTree = "<group>"; };
		00343A0E229B903E00DFE790 /* ViewController.swift */ = {isa = PBXFileReference; lastKnownFileType = sourcecode.swift; path = ViewController.swift; sourceTree = "<group>"; };
		00343A11229B903E00DFE790 /* Base */ = {isa = PBXFileReference; lastKnownFileType = file.storyboard; name = Base; path = Base.lproj/Main.storyboard; sourceTree = "<group>"; };
		00343A13229B903F00DFE790 /* Assets.xcassets */ = {isa = PBXFileReference; lastKnownFileType = folder.assetcatalog; path = Assets.xcassets; sourceTree = "<group>"; };
		00343A16229B903F00DFE790 /* Base */ = {isa = PBXFileReference; lastKnownFileType = file.storyboard; name = Base; path = Base.lproj/LaunchScreen.storyboard; sourceTree = "<group>"; };
		00343A18229B903F00DFE790 /* Info.plist */ = {isa = PBXFileReference; lastKnownFileType = text.plist.xml; path = Info.plist; sourceTree = "<group>"; };
		00343A27229BB56E00DFE790 /* MyNavigationController.swift */ = {isa = PBXFileReference; lastKnownFileType = sourcecode.swift; path = MyNavigationController.swift; sourceTree = "<group>"; };
		00343A29229BB5E300DFE790 /* MyTabbarController.swift */ = {isa = PBXFileReference; lastKnownFileType = sourcecode.swift; path = MyTabbarController.swift; sourceTree = "<group>"; };
		00343AF0229BF20900DFE790 /* Const.swift */ = {isa = PBXFileReference; lastKnownFileType = sourcecode.swift; path = Const.swift; sourceTree = "<group>"; };
		00343B07229C05ED00DFE790 /* HomeViewController.swift */ = {isa = PBXFileReference; lastKnownFileType = sourcecode.swift; path = HomeViewController.swift; sourceTree = "<group>"; };
		00343B09229C060700DFE790 /* VideoViewController.swift */ = {isa = PBXFileReference; lastKnownFileType = sourcecode.swift; path = VideoViewController.swift; sourceTree = "<group>"; };
		00343B0B229C061A00DFE790 /* HuoshanViewController.swift */ = {isa = PBXFileReference; lastKnownFileType = sourcecode.swift; path = HuoshanViewController.swift; sourceTree = "<group>"; };
		00343B0D229C065500DFE790 /* WeitoutiaoViewController.swift */ = {isa = PBXFileReference; lastKnownFileType = sourcecode.swift; path = WeitoutiaoViewController.swift; sourceTree = "<group>"; };
		00343B0F229C068100DFE790 /* RedPackageViewController.swift */ = {isa = PBXFileReference; lastKnownFileType = sourcecode.swift; path = RedPackageViewController.swift; sourceTree = "<group>"; };
		00343B11229C068F00DFE790 /* RedPackageViewController2.swift */ = {isa = PBXFileReference; lastKnownFileType = sourcecode.swift; path = RedPackageViewController2.swift; sourceTree = "<group>"; };
		00343B13229C0BB200DFE790 /* MyTabbar.swift */ = {isa = PBXFileReference; lastKnownFileType = sourcecode.swift; path = MyTabbar.swift; sourceTree = "<group>"; };
		00343B15229C0BD400DFE790 /* RichLabel.swift */ = {isa = PBXFileReference; lastKnownFileType = sourcecode.swift; path = RichLabel.swift; sourceTree = "<group>"; };
		00343B17229C0BF800DFE790 /* RefreshView.swift */ = {isa = PBXFileReference; lastKnownFileType = sourcecode.swift; path = RefreshView.swift; sourceTree = "<group>"; };
		00343B1A229C102500DFE790 /* default_theme.plist */ = {isa = PBXFileReference; lastKnownFileType = text.plist.xml; path = default_theme.plist; sourceTree = "<group>"; };
		007D972822A120770000AE47 /* SettingViewController.swift */ = {isa = PBXFileReference; lastKnownFileType = sourcecode.swift; path = SettingViewController.swift; sourceTree = "<group>"; };
		007D972A22A1209D0000AE47 /* OfflineDownloadController.swift */ = {isa = PBXFileReference; lastKnownFileType = sourcecode.swift; path = OfflineDownloadController.swift; sourceTree = "<group>"; };
		007D972C22A120BD0000AE47 /* UserDetailViewController.swift */ = {isa = PBXFileReference; lastKnownFileType = sourcecode.swift; path = UserDetailViewController.swift; sourceTree = "<group>"; };
		007D972D22A120BD0000AE47 /* UserDetailViewController.xib */ = {isa = PBXFileReference; lastKnownFileType = file.xib; path = UserDetailViewController.xib; sourceTree = "<group>"; };
		007D973022A120E50000AE47 /* UserDetailBottomPushController.swift */ = {isa = PBXFileReference; lastKnownFileType = sourcecode.swift; path = UserDetailBottomPushController.swift; sourceTree = "<group>"; };
		007D973222A121100000AE47 /* UserDetailBottomPopController.swift */ = {isa = PBXFileReference; lastKnownFileType = sourcecode.swift; path = UserDetailBottomPopController.swift; sourceTree = "<group>"; };
		007D973322A121100000AE47 /* UserDetailBottomPopController.xib */ = {isa = PBXFileReference; lastKnownFileType = file.xib; path = UserDetailBottomPopController.xib; sourceTree = "<group>"; };
		007D973622A121830000AE47 /* MyPresentationController.swift */ = {isa = PBXFileReference; lastKnownFileType = sourcecode.swift; path = MyPresentationController.swift; sourceTree = "<group>"; };
		007D973822A121E80000AE47 /* PreviewDongtaiBigImageController.swift */ = {isa = PBXFileReference; lastKnownFileType = sourcecode.swift; path = PreviewDongtaiBigImageController.swift; sourceTree = "<group>"; };
		007D973922A121E80000AE47 /* PreviewDongtaiBigImageController.xib */ = {isa = PBXFileReference; lastKnownFileType = file.xib; path = PreviewDongtaiBigImageController.xib; sourceTree = "<group>"; };
		007D973C22A1220D0000AE47 /* PreviewUserAvatarController.swift */ = {isa = PBXFileReference; lastKnownFileType = sourcecode.swift; path = PreviewUserAvatarController.swift; sourceTree = "<group>"; };
		007D973D22A1220D0000AE47 /* PreviewUserAvatarController.xib */ = {isa = PBXFileReference; lastKnownFileType = file.xib; path = PreviewUserAvatarController.xib; sourceTree = "<group>"; };
		007D974022A122390000AE47 /* UserDetailViewController2.swift */ = {isa = PBXFileReference; lastKnownFileType = sourcecode.swift; path = UserDetailViewController2.swift; sourceTree = "<group>"; };
		007D974122A122390000AE47 /* UserDetailViewController2.xib */ = {isa = PBXFileReference; lastKnownFileType = file.xib; path = UserDetailViewController2.xib; sourceTree = "<group>"; };
		007D974422A122590000AE47 /* DongtaiTableViewController.swift */ = {isa = PBXFileReference; lastKnownFileType = sourcecode.swift; path = DongtaiTableViewController.swift; sourceTree = "<group>"; };
		007D974622A122750000AE47 /* DongtaiDetailViewController.swift */ = {isa = PBXFileReference; lastKnownFileType = sourcecode.swift; path = DongtaiDetailViewController.swift; sourceTree = "<group>"; };
		007D974722A122750000AE47 /* DongtaiDetailViewController.xib */ = {isa = PBXFileReference; lastKnownFileType = file.xib; path = DongtaiDetailViewController.xib; sourceTree = "<group>"; };
		007D974E22A122CC0000AE47 /* UserDiggViewController.swift */ = {isa = PBXFileReference; lastKnownFileType = sourcecode.swift; path = UserDiggViewController.swift; sourceTree = "<group>"; };
		007D974F22A122CC0000AE47 /* UserDiggViewController.xib */ = {isa = PBXFileReference; lastKnownFileType = file.xib; path = UserDiggViewController.xib; sourceTree = "<group>"; };
		007D975422A123960000AE47 /* DongtaiCollectionView.xib */ = {isa = PBXFileReference; lastKnownFileType = file.xib; path = DongtaiCollectionView.xib; sourceTree = "<group>"; };
		007D975622A1252D0000AE47 /* DongtaiCollectionView.swift */ = {isa = PBXFileReference; lastKnownFileType = sourcecode.swift; path = DongtaiCollectionView.swift; sourceTree = "<group>"; };
		007D975822A127890000AE47 /* DongtaiCollectionViewCell.swift */ = {isa = PBXFileReference; lastKnownFileType = sourcecode.swift; path = DongtaiCollectionViewCell.swift; sourceTree = "<group>"; };
		007D975922A127890000AE47 /* DongtaiCollectionViewCell.xib */ = {isa = PBXFileReference; lastKnownFileType = file.xib; path = DongtaiCollectionViewCell.xib; sourceTree = "<group>"; };
		007D975C22A149B30000AE47 /* DongtaiCommentTableViewCell.swift */ = {isa = PBXFileReference; lastKnownFileType = sourcecode.swift; path = DongtaiCommentTableViewCell.swift; sourceTree = "<group>"; };
		007D975D22A149B30000AE47 /* DongtaiCommentTableViewCell.xib */ = {isa = PBXFileReference; lastKnownFileType = file.xib; path = DongtaiCommentTableViewCell.xib; sourceTree = "<group>"; };
		007D976022A149E20000AE47 /* DongtaiDetailHeaderView.swift */ = {isa = PBXFileReference; lastKnownFileType = sourcecode.swift; path = DongtaiDetailHeaderView.swift; sourceTree = "<group>"; };
		007D976222A14A040000AE47 /* DongtaiDetailHeaderView.xib */ = {isa = PBXFileReference; lastKnownFileType = file.xib; path = DongtaiDetailHeaderView.xib; sourceTree = "<group>"; };
		007D976422A14A430000AE47 /* DongtaiNavigationBar.swift */ = {isa = PBXFileReference; lastKnownFileType = sourcecode.swift; path = DongtaiNavigationBar.swift; sourceTree = "<group>"; };
		007D976622A14A4F0000AE47 /* DongtaiNavigationBar.xib */ = {isa = PBXFileReference; lastKnownFileType = file.xib; path = DongtaiNavigationBar.xib; sourceTree = "<group>"; };
		007D976822A14A830000AE47 /* DongtaiOriginThreadView.swift */ = {isa = PBXFileReference; lastKnownFileType = sourcecode.swift; path = DongtaiOriginThreadView.swift; sourceTree = "<group>"; };
		007D976A22A14A980000AE47 /* DongtaiOriginThreadView.xib */ = {isa = PBXFileReference; lastKnownFileType = file.xib; path = DongtaiOriginThreadView.xib; sourceTree = "<group>"; };
		007D976E22A14AF00000AE47 /* EmojiCollectionCell.swift */ = {isa = PBXFileReference; lastKnownFileType = sourcecode.swift; path = EmojiCollectionCell.swift; sourceTree = "<group>"; };
		007D976F22A14AF00000AE47 /* EmojiCollectionCell.xib */ = {isa = PBXFileReference; lastKnownFileType = file.xib; path = EmojiCollectionCell.xib; sourceTree = "<group>"; };
		007D977222A14B280000AE47 /* EmojiLayout.swift */ = {isa = PBXFileReference; lastKnownFileType = sourcecode.swift; path = EmojiLayout.swift; sourceTree = "<group>"; };
		007D977422A14B5F0000AE47 /* OfflineDownloadCell.swift */ = {isa = PBXFileReference; lastKnownFileType = sourcecode.swift; path = OfflineDownloadCell.swift; sourceTree = "<group>"; };
		007D977522A14B5F0000AE47 /* OfflineDownloadCell.xib */ = {isa = PBXFileReference; lastKnownFileType = file.xib; path = OfflineDownloadCell.xib; sourceTree = "<group>"; };
		007D977822A14B8C0000AE47 /* OfflineSectionHeader.swift */ = {isa = PBXFileReference; lastKnownFileType = sourcecode.swift; path = OfflineSectionHeader.swift; sourceTree = "<group>"; };
		007D977A22A14BA10000AE47 /* PostCommentView.swift */ = {isa = PBXFileReference; lastKnownFileType = sourcecode.swift; path = PostCommentView.swift; sourceTree = "<group>"; };
		007D977C22A14BAD0000AE47 /* PostCommentView.xib */ = {isa = PBXFileReference; lastKnownFileType = file.xib; path = PostCommentView.xib; sourceTree = "<group>"; };
		007D977E22A14BDF0000AE47 /* PostVideoOrArticleView.swift */ = {isa = PBXFileReference; lastKnownFileType = sourcecode.swift; path = PostVideoOrArticleView.swift; sourceTree = "<group>"; };
		007D978022A14BEB0000AE47 /* PostVideoOrArticleView.xib */ = {isa = PBXFileReference; lastKnownFileType = file.xib; path = PostVideoOrArticleView.xib; sourceTree = "<group>"; };
		007D978222A14C1C0000AE47 /* PreviewDongtaiBigImageLayout.swift */ = {isa = PBXFileReference; lastKnownFileType = sourcecode.swift; path = PreviewDongtaiBigImageLayout.swift; sourceTree = "<group>"; };
		007D978422A14C420000AE47 /* RelationRecommendCell.swift */ = {isa = PBXFileReference; lastKnownFileType = sourcecode.swift; path = RelationRecommendCell.swift; sourceTree = "<group>"; };
		007D978522A14C420000AE47 /* RelationRecommendCell.xib */ = {isa = PBXFileReference; lastKnownFileType = file.xib; path = RelationRecommendCell.xib; sourceTree = "<group>"; };
		007D978822A14C710000AE47 /* RelationRecommendView.swift */ = {isa = PBXFileReference; lastKnownFileType = sourcecode.swift; path = RelationRecommendView.swift; sourceTree = "<group>"; };
		007D978A22A14C830000AE47 /* RelationRecommendView.xib */ = {isa = PBXFileReference; lastKnownFileType = file.xib; path = RelationRecommendView.xib; sourceTree = "<group>"; };
		007D978C22A14CB10000AE47 /* SettingCell.swift */ = {isa = PBXFileReference; lastKnownFileType = sourcecode.swift; path = SettingCell.swift; sourceTree = "<group>"; };
		007D978D22A14CB10000AE47 /* SettingCell.xib */ = {isa = PBXFileReference; lastKnownFileType = file.xib; path = SettingCell.xib; sourceTree = "<group>"; };
		007D979022A14CD50000AE47 /* TopTabScrollView.swift */ = {isa = PBXFileReference; lastKnownFileType = sourcecode.swift; path = TopTabScrollView.swift; sourceTree = "<group>"; };
		007D979222A14CF20000AE47 /* UserDetailBottomView.swift */ = {isa = PBXFileReference; lastKnownFileType = sourcecode.swift; path = UserDetailBottomView.swift; sourceTree = "<group>"; };
		007D979422A14D4D0000AE47 /* UserDetailCell.swift */ = {isa = PBXFileReference; lastKnownFileType = sourcecode.swift; path = UserDetailCell.swift; sourceTree = "<group>"; };
		007D979522A14D4D0000AE47 /* UserDetailCell.xib */ = {isa = PBXFileReference; lastKnownFileType = file.xib; path = UserDetailCell.xib; sourceTree = "<group>"; };
		007D979822A14D6F0000AE47 /* UserDetailDongTaiCell.swift */ = {isa = PBXFileReference; lastKnownFileType = sourcecode.swift; path = UserDetailDongTaiCell.swift; sourceTree = "<group>"; };
		007D979922A14D6F0000AE47 /* UserDetailDongTaiCell.xib */ = {isa = PBXFileReference; lastKnownFileType = file.xib; path = UserDetailDongTaiCell.xib; sourceTree = "<group>"; };
		007D979E22A14D9C0000AE47 /* UserDetailHeaderView.xib */ = {isa = PBXFileReference; lastKnownFileType = file.xib; path = UserDetailHeaderView.xib; sourceTree = "<group>"; };
		007D97A022A14DC20000AE47 /* UserDetailHeaderView.swift */ = {isa = PBXFileReference; lastKnownFileType = sourcecode.swift; path = UserDetailHeaderView.swift; sourceTree = "<group>"; };
		007D97A222A14DF00000AE47 /* UserDetailHeaderView2.swift */ = {isa = PBXFileReference; lastKnownFileType = sourcecode.swift; path = UserDetailHeaderView2.swift; sourceTree = "<group>"; };
		007D97A422A14E130000AE47 /* UserDetailHeaderView2.xib */ = {isa = PBXFileReference; lastKnownFileType = file.xib; name = UserDetailHeaderView2.xib; path = ../../../../UserDetailHeaderView2.xib; sourceTree = "<group>"; };
		007D97A522A14E160000AE47 /* UserDetailHeaderView2.xib */ = {isa = PBXFileReference; lastKnownFileType = file.xib; name = UserDetailHeaderView2.xib; path = ../../../../UserDetailHeaderView2.xib; sourceTree = "<group>"; };
		007D97A622A14E430000AE47 /* UserDetailNavigationBar.swift */ = {isa = PBXFileReference; lastKnownFileType = sourcecode.swift; path = UserDetailNavigationBar.swift; sourceTree = "<group>"; };
		007D97A822A14E5E0000AE47 /* UserDetailNavigationBar.xib */ = {isa = PBXFileReference; lastKnownFileType = file.xib; path = UserDetailNavigationBar.xib; sourceTree = "<group>"; };
		007D97AA22A14E920000AE47 /* UserDetailWendaCell.swift */ = {isa = PBXFileReference; lastKnownFileType = sourcecode.swift; path = UserDetailWendaCell.swift; sourceTree = "<group>"; };
		007D97AB22A14E920000AE47 /* UserDetailWendaCell.xib */ = {isa = PBXFileReference; lastKnownFileType = file.xib; path = UserDetailWendaCell.xib; sourceTree = "<group>"; };
		007D97AE22A14EAF0000AE47 /* UserDiggCell.swift */ = {isa = PBXFileReference; lastKnownFileType = sourcecode.swift; path = UserDiggCell.swift; sourceTree = "<group>"; };
		007D97AF22A14EAF0000AE47 /* UserDiggCell.xib */ = {isa = PBXFileReference; lastKnownFileType = file.xib; path = UserDiggCell.xib; sourceTree = "<group>"; };
		00AA05C1229FAA53005529D3 /* UIKit+Extension.swift */ = {isa = PBXFileReference; lastKnownFileType = sourcecode.swift; path = "UIKit+Extension.swift"; sourceTree = "<group>"; };
		00AA05C3229FBDD4005529D3 /* Emoji.swift */ = {isa = PBXFileReference; lastKnownFileType = sourcecode.swift; path = Emoji.swift; sourceTree = "<group>"; };
		00AA05CB22A0C40D005529D3 /* Calculatable.swift */ = {isa = PBXFileReference; lastKnownFileType = sourcecode.swift; path = Calculatable.swift; sourceTree = "<group>"; };
		00AA05CD22A0CAB7005529D3 /* UserDetail.swift */ = {isa = PBXFileReference; lastKnownFileType = sourcecode.swift; path = UserDetail.swift; sourceTree = "<group>"; };
		00AA05D122A0CD05005529D3 /* SettingModel.swift */ = {isa = PBXFileReference; lastKnownFileType = sourcecode.swift; path = SettingModel.swift; sourceTree = "<group>"; };
		00AA05D322A0CDB8005529D3 /* PopoverAnimator.swift */ = {isa = PBXFileReference; lastKnownFileType = sourcecode.swift; path = PopoverAnimator.swift; sourceTree = "<group>"; };
		00AA05D522A0D209005529D3 /* MyOtherCell.swift */ = {isa = PBXFileReference; lastKnownFileType = sourcecode.swift; path = MyOtherCell.swift; sourceTree = "<group>"; };
		00AA05D622A0D209005529D3 /* MyOtherCell.xib */ = {isa = PBXFileReference; lastKnownFileType = file.xib; path = MyOtherCell.xib; sourceTree = "<group>"; };
		00AA05DD22A0D44A005529D3 /* MyFirstSectionCell.swift */ = {isa = PBXFileReference; lastKnownFileType = sourcecode.swift; path = MyFirstSectionCell.swift; sourceTree = "<group>"; };
		00AA05DE22A0D44A005529D3 /* MyFirstSectionCell.xib */ = {isa = PBXFileReference; lastKnownFileType = file.xib; path = MyFirstSectionCell.xib; sourceTree = "<group>"; };
		00AA05EA22A0D872005529D3 /* MyConcernCell.xib */ = {isa = PBXFileReference; lastKnownFileType = file.xib; path = MyConcernCell.xib; sourceTree = "<group>"; };
		00AA05ED22A0D96A005529D3 /* MyConcernCell.swift */ = {isa = PBXFileReference; fileEncoding = 4; lastKnownFileType = sourcecode.swift; path = MyConcernCell.swift; sourceTree = "<group>"; };
		00AA05EF22A0DB9A005529D3 /* NoLoginHeaderView.swift */ = {isa = PBXFileReference; fileEncoding = 4; lastKnownFileType = sourcecode.swift; path = NoLoginHeaderView.swift; sourceTree = "<group>"; };
		00AA05F022A0DB9B005529D3 /* NoLoginHeaderView.xib */ = {isa = PBXFileReference; fileEncoding = 4; lastKnownFileType = file.xib; path = NoLoginHeaderView.xib; sourceTree = "<group>"; };
		00AA05F322A0DC98005529D3 /* MyTheme.swift */ = {isa = PBXFileReference; lastKnownFileType = sourcecode.swift; path = MyTheme.swift; sourceTree = "<group>"; };
		00E5231122A27427006EF395 /* SnapKitTestView.swift */ = {isa = PBXFileReference; lastKnownFileType = sourcecode.swift; path = SnapKitTestView.swift; sourceTree = "<group>"; };
		5EECACF1D300DE5540A1E08D /* Pods-TodayNews.debug.xcconfig */ = {isa = PBXFileReference; includeInIndex = 1; lastKnownFileType = text.xcconfig; name = "Pods-TodayNews.debug.xcconfig"; path = "Target Support Files/Pods-TodayNews/Pods-TodayNews.debug.xcconfig"; sourceTree = "<group>"; };
		778895AE99D32A1FC92E6DAC /* Pods-TodayNews.release.xcconfig */ = {isa = PBXFileReference; includeInIndex = 1; lastKnownFileType = text.xcconfig; name = "Pods-TodayNews.release.xcconfig"; path = "Target Support Files/Pods-TodayNews/Pods-TodayNews.release.xcconfig"; sourceTree = "<group>"; };
		952362B8E1051BC8E58A3F2A /* Pods_TodayNews.framework */ = {isa = PBXFileReference; explicitFileType = wrapper.framework; includeInIndex = 0; path = Pods_TodayNews.framework; sourceTree = BUILT_PRODUCTS_DIR; };
		F44C1169229D84EB009A15C7 /* night_theme.plist */ = {isa = PBXFileReference; fileEncoding = 4; lastKnownFileType = text.plist.xml; path = night_theme.plist; sourceTree = "<group>"; };
		F44C116F229D8554009A15C7 /* MineViewController.swift */ = {isa = PBXFileReference; lastKnownFileType = sourcecode.swift; path = MineViewController.swift; sourceTree = "<group>"; };
		F44C1171229D85C7009A15C7 /* MyCellModel.swift */ = {isa = PBXFileReference; lastKnownFileType = sourcecode.swift; path = MyCellModel.swift; sourceTree = "<group>"; };
		F44C1175229D87E2009A15C7 /* NetworkTool.swift */ = {isa = PBXFileReference; lastKnownFileType = sourcecode.swift; path = NetworkTool.swift; sourceTree = "<group>"; };
/* End PBXFileReference section */

/* Begin PBXFrameworksBuildPhase section */
		00343A06229B903D00DFE790 /* Frameworks */ = {
			isa = PBXFrameworksBuildPhase;
			buildActionMask = 2147483647;
			files = (
				D9EEF53EE8C602117F7156D6 /* Pods_TodayNews.framework in Frameworks */,
			);
			runOnlyForDeploymentPostprocessing = 0;
		};
/* End PBXFrameworksBuildPhase section */

/* Begin PBXGroup section */
		00343A00229B903D00DFE790 = {
			isa = PBXGroup;
			children = (
				00343A0B229B903D00DFE790 /* TodayNews */,
				00343A0A229B903D00DFE790 /* Products */,
				6DB22B7AA088DBCE9137B0DA /* Pods */,
				0F119BB358B6A3154EB5CCA2 /* Frameworks */,
			);
			sourceTree = "<group>";
		};
		00343A0A229B903D00DFE790 /* Products */ = {
			isa = PBXGroup;
			children = (
				00343A09229B903D00DFE790 /* TodayNews.app */,
			);
			name = Products;
			sourceTree = "<group>";
		};
		00343A0B229B903D00DFE790 /* TodayNews */ = {
			isa = PBXGroup;
			children = (
				00343A1E229BAEEA00DFE790 /* Classes */,
				00343A10229B903E00DFE790 /* Main.storyboard */,
				00343A13229B903F00DFE790 /* Assets.xcassets */,
				00343A15229B903F00DFE790 /* LaunchScreen.storyboard */,
				00343A18229B903F00DFE790 /* Info.plist */,
			);
			path = TodayNews;
			sourceTree = "<group>";
		};
		00343A1E229BAEEA00DFE790 /* Classes */ = {
			isa = PBXGroup;
			children = (
				00343A20229BAF0D00DFE790 /* Home */,
				00343A21229BAF1400DFE790 /* Video */,
				00343A22229BAF5C00DFE790 /* HuoShan */,
				00343A25229BB29000DFE790 /* WeiTouTiao */,
				F44C116B229D850E009A15C7 /* Mine */,
				00343A26229BB2A300DFE790 /* RedPackage */,
				00343A1F229BAEFB00DFE790 /* Main */,
				00343A24229BAFA400DFE790 /* Others */,
			);
			path = Classes;
			sourceTree = "<group>";
		};
		00343A1F229BAEFB00DFE790 /* Main */ = {
			isa = PBXGroup;
			children = (
				00AA05C0229FAA41005529D3 /* Extension */,
				F44C1173229D8778009A15C7 /* Tools */,
				00343B04229C056700DFE790 /* controller */,
				00343B05229C056700DFE790 /* model */,
				00343B06229C056700DFE790 /* view */,
			);
			path = Main;
			sourceTree = "<group>";
		};
		00343A20229BAF0D00DFE790 /* Home */ = {
			isa = PBXGroup;
			children = (
				00343AF4229C049D00DFE790 /* view */,
				00343AF3229C049600DFE790 /* model */,
				00343AF2229C048E00DFE790 /* controller */,
			);
			path = Home;
			sourceTree = "<group>";
		};
		00343A21229BAF1400DFE790 /* Video */ = {
			isa = PBXGroup;
			children = (
				00343AF7229C04CD00DFE790 /* view */,
				00343AF6229C04C600DFE790 /* model */,
				00343AF5229C04BD00DFE790 /* controller */,
			);
			path = Video;
			sourceTree = "<group>";
		};
		00343A22229BAF5C00DFE790 /* HuoShan */ = {
			isa = PBXGroup;
			children = (
				00343AFA229C04E500DFE790 /* model */,
				00343AF9229C04DB00DFE790 /* controller */,
				00343AF8229C04D200DFE790 /* view */,
			);
			path = HuoShan;
			sourceTree = "<group>";
		};
		00343A24229BAFA400DFE790 /* Others */ = {
			isa = PBXGroup;
			children = (
				00343B19229C100500DFE790 /* theme */,
				00343A0C229B903E00DFE790 /* AppDelegate.swift */,
				00343A0E229B903E00DFE790 /* ViewController.swift */,
				00343AF0229BF20900DFE790 /* Const.swift */,
			);
			path = Others;
			sourceTree = "<group>";
		};
		00343A25229BB29000DFE790 /* WeiTouTiao */ = {
			isa = PBXGroup;
			children = (
				00343AFF229C053300DFE790 /* controller */,
				00343B00229C053300DFE790 /* model */,
				00343AFE229C053300DFE790 /* view */,
			);
			path = WeiTouTiao;
			sourceTree = "<group>";
		};
		00343A26229BB2A300DFE790 /* RedPackage */ = {
			isa = PBXGroup;
			children = (
				00343B01229C053E00DFE790 /* controller */,
				00343B02229C053E00DFE790 /* model */,
				00343B03229C053E00DFE790 /* view */,
			);
			path = RedPackage;
			sourceTree = "<group>";
		};
		00343AF2229C048E00DFE790 /* controller */ = {
			isa = PBXGroup;
			children = (
				00343B07229C05ED00DFE790 /* HomeViewController.swift */,
			);
			path = controller;
			sourceTree = "<group>";
		};
		00343AF3229C049600DFE790 /* model */ = {
			isa = PBXGroup;
			children = (
				000ACC5422AE337C00711E1A /* NewsModel.swift */,
			);
			path = model;
			sourceTree = "<group>";
		};
		00343AF4229C049D00DFE790 /* view */ = {
			isa = PBXGroup;
			children = (
			);
			path = view;
			sourceTree = "<group>";
		};
		00343AF5229C04BD00DFE790 /* controller */ = {
			isa = PBXGroup;
			children = (
				00343B09229C060700DFE790 /* VideoViewController.swift */,
			);
			path = controller;
			sourceTree = "<group>";
		};
		00343AF6229C04C600DFE790 /* model */ = {
			isa = PBXGroup;
			children = (
			);
			path = model;
			sourceTree = "<group>";
		};
		00343AF7229C04CD00DFE790 /* view */ = {
			isa = PBXGroup;
			children = (
			);
			path = view;
			sourceTree = "<group>";
		};
		00343AF8229C04D200DFE790 /* view */ = {
			isa = PBXGroup;
			children = (
			);
			path = view;
			sourceTree = "<group>";
		};
		00343AF9229C04DB00DFE790 /* controller */ = {
			isa = PBXGroup;
			children = (
				00343B0B229C061A00DFE790 /* HuoshanViewController.swift */,
			);
			path = controller;
			sourceTree = "<group>";
		};
		00343AFA229C04E500DFE790 /* model */ = {
			isa = PBXGroup;
			children = (
			);
			path = model;
			sourceTree = "<group>";
		};
		00343AFE229C053300DFE790 /* view */ = {
			isa = PBXGroup;
			children = (
			);
			path = view;
			sourceTree = "<group>";
		};
		00343AFF229C053300DFE790 /* controller */ = {
			isa = PBXGroup;
			children = (
				00343B0D229C065500DFE790 /* WeitoutiaoViewController.swift */,
			);
			path = controller;
			sourceTree = "<group>";
		};
		00343B00229C053300DFE790 /* model */ = {
			isa = PBXGroup;
			children = (
			);
			path = model;
			sourceTree = "<group>";
		};
		00343B01229C053E00DFE790 /* controller */ = {
			isa = PBXGroup;
			children = (
				00343B0F229C068100DFE790 /* RedPackageViewController.swift */,
				00343B11229C068F00DFE790 /* RedPackageViewController2.swift */,
			);
			path = controller;
			sourceTree = "<group>";
		};
		00343B02229C053E00DFE790 /* model */ = {
			isa = PBXGroup;
			children = (
			);
			path = model;
			sourceTree = "<group>";
		};
		00343B03229C053E00DFE790 /* view */ = {
			isa = PBXGroup;
			children = (
			);
			path = view;
			sourceTree = "<group>";
		};
		00343B04229C056700DFE790 /* controller */ = {
			isa = PBXGroup;
			children = (
				00343A27229BB56E00DFE790 /* MyNavigationController.swift */,
				00343A29229BB5E300DFE790 /* MyTabbarController.swift */,
			);
			path = controller;
			sourceTree = "<group>";
		};
		00343B05229C056700DFE790 /* model */ = {
			isa = PBXGroup;
			children = (
			);
			path = model;
			sourceTree = "<group>";
		};
		00343B06229C056700DFE790 /* view */ = {
			isa = PBXGroup;
			children = (
				00343B13229C0BB200DFE790 /* MyTabbar.swift */,
				00343B15229C0BD400DFE790 /* RichLabel.swift */,
				00343B17229C0BF800DFE790 /* RefreshView.swift */,
			);
			path = view;
			sourceTree = "<group>";
		};
		00343B19229C100500DFE790 /* theme */ = {
			isa = PBXGroup;
			children = (
				00343B1A229C102500DFE790 /* default_theme.plist */,
				F44C1169229D84EB009A15C7 /* night_theme.plist */,
			);
			path = theme;
			sourceTree = "<group>";
		};
		00AA05C0229FAA41005529D3 /* Extension */ = {
			isa = PBXGroup;
			children = (
				00AA05C1229FAA53005529D3 /* UIKit+Extension.swift */,
				000ACC5822AE357200711E1A /* Foundation+Extension.swift */,
				000ACC5A22AF9AFA00711E1A /* SVProgressHUD+Extension.swift */,
			);
			path = Extension;
			sourceTree = "<group>";
		};
		0F119BB358B6A3154EB5CCA2 /* Frameworks */ = {
			isa = PBXGroup;
			children = (
				952362B8E1051BC8E58A3F2A /* Pods_TodayNews.framework */,
			);
			name = Frameworks;
			sourceTree = "<group>";
		};
		6DB22B7AA088DBCE9137B0DA /* Pods */ = {
			isa = PBXGroup;
			children = (
				5EECACF1D300DE5540A1E08D /* Pods-TodayNews.debug.xcconfig */,
				778895AE99D32A1FC92E6DAC /* Pods-TodayNews.release.xcconfig */,
			);
			path = Pods;
			sourceTree = "<group>";
		};
		F44C116B229D850E009A15C7 /* Mine */ = {
			isa = PBXGroup;
			children = (
				F44C116E229D8536009A15C7 /* model */,
				F44C116D229D852F009A15C7 /* view */,
				F44C116C229D8526009A15C7 /* controller */,
			);
			path = Mine;
			sourceTree = "<group>";
		};
		F44C116C229D8526009A15C7 /* controller */ = {
			isa = PBXGroup;
			children = (
				F44C116F229D8554009A15C7 /* MineViewController.swift */,
				007D972822A120770000AE47 /* SettingViewController.swift */,
				007D972A22A1209D0000AE47 /* OfflineDownloadController.swift */,
				007D972C22A120BD0000AE47 /* UserDetailViewController.swift */,
				007D972D22A120BD0000AE47 /* UserDetailViewController.xib */,
				007D973022A120E50000AE47 /* UserDetailBottomPushController.swift */,
				007D973222A121100000AE47 /* UserDetailBottomPopController.swift */,
				007D973322A121100000AE47 /* UserDetailBottomPopController.xib */,
				007D973622A121830000AE47 /* MyPresentationController.swift */,
				007D973822A121E80000AE47 /* PreviewDongtaiBigImageController.swift */,
				007D973922A121E80000AE47 /* PreviewDongtaiBigImageController.xib */,
				007D973C22A1220D0000AE47 /* PreviewUserAvatarController.swift */,
				007D973D22A1220D0000AE47 /* PreviewUserAvatarController.xib */,
				007D974022A122390000AE47 /* UserDetailViewController2.swift */,
				007D974122A122390000AE47 /* UserDetailViewController2.xib */,
				007D974422A122590000AE47 /* DongtaiTableViewController.swift */,
				007D974622A122750000AE47 /* DongtaiDetailViewController.swift */,
				007D974722A122750000AE47 /* DongtaiDetailViewController.xib */,
				007D974E22A122CC0000AE47 /* UserDiggViewController.swift */,
				007D974F22A122CC0000AE47 /* UserDiggViewController.xib */,
			);
			path = controller;
			sourceTree = "<group>";
		};
		F44C116D229D852F009A15C7 /* view */ = {
			isa = PBXGroup;
			children = (
				007D975622A1252D0000AE47 /* DongtaiCollectionView.swift */,
				007D975422A123960000AE47 /* DongtaiCollectionView.xib */,
				007D975822A127890000AE47 /* DongtaiCollectionViewCell.swift */,
				007D975922A127890000AE47 /* DongtaiCollectionViewCell.xib */,
				007D975C22A149B30000AE47 /* DongtaiCommentTableViewCell.swift */,
				007D975D22A149B30000AE47 /* DongtaiCommentTableViewCell.xib */,
				007D976022A149E20000AE47 /* DongtaiDetailHeaderView.swift */,
				007D976222A14A040000AE47 /* DongtaiDetailHeaderView.xib */,
				007D976422A14A430000AE47 /* DongtaiNavigationBar.swift */,
				007D976622A14A4F0000AE47 /* DongtaiNavigationBar.xib */,
				007D976822A14A830000AE47 /* DongtaiOriginThreadView.swift */,
				007D976A22A14A980000AE47 /* DongtaiOriginThreadView.xib */,
				007D976E22A14AF00000AE47 /* EmojiCollectionCell.swift */,
				007D976F22A14AF00000AE47 /* EmojiCollectionCell.xib */,
				007D977222A14B280000AE47 /* EmojiLayout.swift */,
				00AA05ED22A0D96A005529D3 /* MyConcernCell.swift */,
				00AA05EA22A0D872005529D3 /* MyConcernCell.xib */,
				00AA05DD22A0D44A005529D3 /* MyFirstSectionCell.swift */,
				00AA05DE22A0D44A005529D3 /* MyFirstSectionCell.xib */,
				00AA05D522A0D209005529D3 /* MyOtherCell.swift */,
				00AA05D622A0D209005529D3 /* MyOtherCell.xib */,
				00AA05EF22A0DB9A005529D3 /* NoLoginHeaderView.swift */,
				00AA05F022A0DB9B005529D3 /* NoLoginHeaderView.xib */,
				007D977422A14B5F0000AE47 /* OfflineDownloadCell.swift */,
				007D977522A14B5F0000AE47 /* OfflineDownloadCell.xib */,
				007D977822A14B8C0000AE47 /* OfflineSectionHeader.swift */,
				007D977A22A14BA10000AE47 /* PostCommentView.swift */,
				007D977C22A14BAD0000AE47 /* PostCommentView.xib */,
				007D977E22A14BDF0000AE47 /* PostVideoOrArticleView.swift */,
				007D978022A14BEB0000AE47 /* PostVideoOrArticleView.xib */,
				007D978222A14C1C0000AE47 /* PreviewDongtaiBigImageLayout.swift */,
				007D978422A14C420000AE47 /* RelationRecommendCell.swift */,
				007D978522A14C420000AE47 /* RelationRecommendCell.xib */,
				007D978822A14C710000AE47 /* RelationRecommendView.swift */,
				007D978A22A14C830000AE47 /* RelationRecommendView.xib */,
				007D978C22A14CB10000AE47 /* SettingCell.swift */,
				007D978D22A14CB10000AE47 /* SettingCell.xib */,
				00E5231122A27427006EF395 /* SnapKitTestView.swift */,
				007D979022A14CD50000AE47 /* TopTabScrollView.swift */,
				007D979222A14CF20000AE47 /* UserDetailBottomView.swift */,
				007D979422A14D4D0000AE47 /* UserDetailCell.swift */,
				007D979522A14D4D0000AE47 /* UserDetailCell.xib */,
				007D979822A14D6F0000AE47 /* UserDetailDongTaiCell.swift */,
				007D979922A14D6F0000AE47 /* UserDetailDongTaiCell.xib */,
				007D97A022A14DC20000AE47 /* UserDetailHeaderView.swift */,
				007D979E22A14D9C0000AE47 /* UserDetailHeaderView.xib */,
				007D97A222A14DF00000AE47 /* UserDetailHeaderView2.swift */,
				007D97A522A14E160000AE47 /* UserDetailHeaderView2.xib */,
				007D97A422A14E130000AE47 /* UserDetailHeaderView2.xib */,
				007D97A622A14E430000AE47 /* UserDetailNavigationBar.swift */,
				007D97A822A14E5E0000AE47 /* UserDetailNavigationBar.xib */,
				007D97AA22A14E920000AE47 /* UserDetailWendaCell.swift */,
				007D97AB22A14E920000AE47 /* UserDetailWendaCell.xib */,
				007D97AE22A14EAF0000AE47 /* UserDiggCell.swift */,
				007D97AF22A14EAF0000AE47 /* UserDiggCell.xib */,
			);
			path = view;
			sourceTree = "<group>";
		};
		F44C116E229D8536009A15C7 /* model */ = {
			isa = PBXGroup;
			children = (
				F44C1171229D85C7009A15C7 /* MyCellModel.swift */,
				00AA05CD22A0CAB7005529D3 /* UserDetail.swift */,
				00AA05D122A0CD05005529D3 /* SettingModel.swift */,
				00AA05D322A0CDB8005529D3 /* PopoverAnimator.swift */,
			);
			path = model;
			sourceTree = "<group>";
		};
		F44C1173229D8778009A15C7 /* Tools */ = {
			isa = PBXGroup;
			children = (
				F44C1175229D87E2009A15C7 /* NetworkTool.swift */,
				00AA05CB22A0C40D005529D3 /* Calculatable.swift */,
				00AA05C3229FBDD4005529D3 /* Emoji.swift */,
				00AA05F322A0DC98005529D3 /* MyTheme.swift */,
			);
			path = Tools;
			sourceTree = "<group>";
		};
/* End PBXGroup section */

/* Begin PBXNativeTarget section */
		00343A08229B903D00DFE790 /* TodayNews */ = {
			isa = PBXNativeTarget;
			buildConfigurationList = 00343A1B229B903F00DFE790 /* Build configuration list for PBXNativeTarget "TodayNews" */;
			buildPhases = (
				5BFB5A0FDC5C9590369CA419 /* [CP] Check Pods Manifest.lock */,
				00343A05229B903D00DFE790 /* Sources */,
				00343A06229B903D00DFE790 /* Frameworks */,
				00343A07229B903D00DFE790 /* Resources */,
				C59C12E69C1C3F8C7EB0ACF6 /* [CP] Embed Pods Frameworks */,
			);
			buildRules = (
			);
			dependencies = (
			);
			name = TodayNews;
			productName = TodayNews;
			productReference = 00343A09229B903D00DFE790 /* TodayNews.app */;
			productType = "com.apple.product-type.application";
		};
/* End PBXNativeTarget section */

/* Begin PBXProject section */
		00343A01229B903D00DFE790 /* Project object */ = {
			isa = PBXProject;
			attributes = {
				LastSwiftUpdateCheck = 1010;
				LastUpgradeCheck = 1010;
				ORGANIZATIONNAME = Shirley;
				TargetAttributes = {
					00343A08229B903D00DFE790 = {
						CreatedOnToolsVersion = 10.1;
					};
				};
			};
			buildConfigurationList = 00343A04229B903D00DFE790 /* Build configuration list for PBXProject "TodayNews" */;
			compatibilityVersion = "Xcode 9.3";
			developmentRegion = en;
			hasScannedForEncodings = 0;
			knownRegions = (
				en,
				Base,
			);
			mainGroup = 00343A00229B903D00DFE790;
			productRefGroup = 00343A0A229B903D00DFE790 /* Products */;
			projectDirPath = "";
			projectRoot = "";
			targets = (
				00343A08229B903D00DFE790 /* TodayNews */,
			);
		};
/* End PBXProject section */

/* Begin PBXResourcesBuildPhase section */
		00343A07229B903D00DFE790 /* Resources */ = {
			isa = PBXResourcesBuildPhase;
			buildActionMask = 2147483647;
			files = (
				007D978722A14C420000AE47 /* RelationRecommendCell.xib in Resources */,
				007D977122A14AF00000AE47 /* EmojiCollectionCell.xib in Resources */,
				007D975F22A149B30000AE47 /* DongtaiCommentTableViewCell.xib in Resources */,
				007D978122A14BEB0000AE47 /* PostVideoOrArticleView.xib in Resources */,
				007D976322A14A040000AE47 /* DongtaiDetailHeaderView.xib in Resources */,
				007D97AD22A14E920000AE47 /* UserDetailWendaCell.xib in Resources */,
				00343B1B229C102500DFE790 /* default_theme.plist in Resources */,
				007D97A922A14E5E0000AE47 /* UserDetailNavigationBar.xib in Resources */,
				007D97B122A14EAF0000AE47 /* UserDiggCell.xib in Resources */,
				007D976B22A14A980000AE47 /* DongtaiOriginThreadView.xib in Resources */,
				007D977D22A14BAD0000AE47 /* PostCommentView.xib in Resources */,
				007D975B22A127890000AE47 /* DongtaiCollectionViewCell.xib in Resources */,
				00AA05EC22A0D872005529D3 /* MyConcernCell.xib in Resources */,
				007D973F22A1220D0000AE47 /* PreviewUserAvatarController.xib in Resources */,
				007D973522A121100000AE47 /* UserDetailBottomPopController.xib in Resources */,
				007D975122A122CC0000AE47 /* UserDiggViewController.xib in Resources */,
				F44C116A229D84EB009A15C7 /* night_theme.plist in Resources */,
				007D977722A14B5F0000AE47 /* OfflineDownloadCell.xib in Resources */,
				007D979722A14D4D0000AE47 /* UserDetailCell.xib in Resources */,
				00AA05E022A0D44A005529D3 /* MyFirstSectionCell.xib in Resources */,
				007D975522A123960000AE47 /* DongtaiCollectionView.xib in Resources */,
				007D978B22A14C830000AE47 /* RelationRecommendView.xib in Resources */,
				00343A17229B903F00DFE790 /* LaunchScreen.storyboard in Resources */,
				007D974322A122390000AE47 /* UserDetailViewController2.xib in Resources */,
				00343A14229B903F00DFE790 /* Assets.xcassets in Resources */,
				007D979B22A14D6F0000AE47 /* UserDetailDongTaiCell.xib in Resources */,
				007D978F22A14CB10000AE47 /* SettingCell.xib in Resources */,
				007D972F22A120BD0000AE47 /* UserDetailViewController.xib in Resources */,
				00AA05D822A0D209005529D3 /* MyOtherCell.xib in Resources */,
				007D974922A122750000AE47 /* DongtaiDetailViewController.xib in Resources */,
				007D976722A14A4F0000AE47 /* DongtaiNavigationBar.xib in Resources */,
				00343A12229B903E00DFE790 /* Main.storyboard in Resources */,
				007D973B22A121E80000AE47 /* PreviewDongtaiBigImageController.xib in Resources */,
				00AA05F222A0DB9B005529D3 /* NoLoginHeaderView.xib in Resources */,
				007D979F22A14D9C0000AE47 /* UserDetailHeaderView.xib in Resources */,
			);
			runOnlyForDeploymentPostprocessing = 0;
		};
/* End PBXResourcesBuildPhase section */

/* Begin PBXShellScriptBuildPhase section */
		5BFB5A0FDC5C9590369CA419 /* [CP] Check Pods Manifest.lock */ = {
			isa = PBXShellScriptBuildPhase;
			buildActionMask = 2147483647;
			files = (
			);
			inputFileListPaths = (
			);
			inputPaths = (
				"${PODS_PODFILE_DIR_PATH}/Podfile.lock",
				"${PODS_ROOT}/Manifest.lock",
			);
			name = "[CP] Check Pods Manifest.lock";
			outputFileListPaths = (
			);
			outputPaths = (
				"$(DERIVED_FILE_DIR)/Pods-TodayNews-checkManifestLockResult.txt",
			);
			runOnlyForDeploymentPostprocessing = 0;
			shellPath = /bin/sh;
			shellScript = "diff \"${PODS_PODFILE_DIR_PATH}/Podfile.lock\" \"${PODS_ROOT}/Manifest.lock\" > /dev/null\nif [ $? != 0 ] ; then\n    # print error to STDERR\n    echo \"error: The sandbox is not in sync with the Podfile.lock. Run 'pod install' or update your CocoaPods installation.\" >&2\n    exit 1\nfi\n# This output is used by Xcode 'outputs' to avoid re-running this script phase.\necho \"SUCCESS\" > \"${SCRIPT_OUTPUT_FILE_0}\"\n";
			showEnvVarsInLog = 0;
		};
		C59C12E69C1C3F8C7EB0ACF6 /* [CP] Embed Pods Frameworks */ = {
			isa = PBXShellScriptBuildPhase;
			buildActionMask = 2147483647;
			files = (
			);
			inputFileListPaths = (
			);
			inputPaths = (
				"${PODS_ROOT}/Target Support Files/Pods-TodayNews/Pods-TodayNews-frameworks.sh",
				"${BUILT_PRODUCTS_DIR}/Alamofire/Alamofire.framework",
				"${BUILT_PRODUCTS_DIR}/BMPlayer/BMPlayer.framework",
				"${BUILT_PRODUCTS_DIR}/FDFullscreenPopGesture/FDFullscreenPopGesture.framework",
				"${BUILT_PRODUCTS_DIR}/HandyJSON/HandyJSON.framework",
				"${BUILT_PRODUCTS_DIR}/Kingfisher/Kingfisher.framework",
				"${BUILT_PRODUCTS_DIR}/MJRefresh/MJRefresh.framework",
				"${BUILT_PRODUCTS_DIR}/NVActivityIndicatorView/NVActivityIndicatorView.framework",
				"${BUILT_PRODUCTS_DIR}/RxCocoa/RxCocoa.framework",
				"${BUILT_PRODUCTS_DIR}/RxSwift/RxSwift.framework",
				"${BUILT_PRODUCTS_DIR}/SGPagingView/SGPagingView.framework",
				"${BUILT_PRODUCTS_DIR}/SQLite.swift/SQLite.framework",
				"${BUILT_PRODUCTS_DIR}/SVProgressHUD/SVProgressHUD.framework",
				"${BUILT_PRODUCTS_DIR}/SnapKit/SnapKit.framework",
				"${BUILT_PRODUCTS_DIR}/SwiftTheme/SwiftTheme.framework",
				"${BUILT_PRODUCTS_DIR}/SwiftyJSON/SwiftyJSON.framework",
				"${BUILT_PRODUCTS_DIR}/lottie-ios/Lottie.framework",
			);
			name = "[CP] Embed Pods Frameworks";
			outputFileListPaths = (
			);
			outputPaths = (
				"${TARGET_BUILD_DIR}/${FRAMEWORKS_FOLDER_PATH}/Alamofire.framework",
				"${TARGET_BUILD_DIR}/${FRAMEWORKS_FOLDER_PATH}/BMPlayer.framework",
				"${TARGET_BUILD_DIR}/${FRAMEWORKS_FOLDER_PATH}/FDFullscreenPopGesture.framework",
				"${TARGET_BUILD_DIR}/${FRAMEWORKS_FOLDER_PATH}/HandyJSON.framework",
				"${TARGET_BUILD_DIR}/${FRAMEWORKS_FOLDER_PATH}/Kingfisher.framework",
				"${TARGET_BUILD_DIR}/${FRAMEWORKS_FOLDER_PATH}/MJRefresh.framework",
				"${TARGET_BUILD_DIR}/${FRAMEWORKS_FOLDER_PATH}/NVActivityIndicatorView.framework",
				"${TARGET_BUILD_DIR}/${FRAMEWORKS_FOLDER_PATH}/RxCocoa.framework",
				"${TARGET_BUILD_DIR}/${FRAMEWORKS_FOLDER_PATH}/RxSwift.framework",
				"${TARGET_BUILD_DIR}/${FRAMEWORKS_FOLDER_PATH}/SGPagingView.framework",
				"${TARGET_BUILD_DIR}/${FRAMEWORKS_FOLDER_PATH}/SQLite.framework",
				"${TARGET_BUILD_DIR}/${FRAMEWORKS_FOLDER_PATH}/SVProgressHUD.framework",
				"${TARGET_BUILD_DIR}/${FRAMEWORKS_FOLDER_PATH}/SnapKit.framework",
				"${TARGET_BUILD_DIR}/${FRAMEWORKS_FOLDER_PATH}/SwiftTheme.framework",
				"${TARGET_BUILD_DIR}/${FRAMEWORKS_FOLDER_PATH}/SwiftyJSON.framework",
				"${TARGET_BUILD_DIR}/${FRAMEWORKS_FOLDER_PATH}/Lottie.framework",
			);
			runOnlyForDeploymentPostprocessing = 0;
			shellPath = /bin/sh;
			shellScript = "\"${PODS_ROOT}/Target Support Files/Pods-TodayNews/Pods-TodayNews-frameworks.sh\"\n";
			showEnvVarsInLog = 0;
		};
/* End PBXShellScriptBuildPhase section */

/* Begin PBXSourcesBuildPhase section */
		00343A05229B903D00DFE790 /* Sources */ = {
			isa = PBXSourcesBuildPhase;
			buildActionMask = 2147483647;
			files = (
				007D977F22A14BDF0000AE47 /* PostVideoOrArticleView.swift in Sources */,
				007D975E22A149B30000AE47 /* DongtaiCommentTableViewCell.swift in Sources */,
				007D972922A120770000AE47 /* SettingViewController.swift in Sources */,
				007D975A22A127890000AE47 /* DongtaiCollectionViewCell.swift in Sources */,
				00AA05DF22A0D44A005529D3 /* MyFirstSectionCell.swift in Sources */,
				00AA05D222A0CD05005529D3 /* SettingModel.swift in Sources */,
				007D976122A149E20000AE47 /* DongtaiDetailHeaderView.swift in Sources */,
				007D972B22A1209D0000AE47 /* OfflineDownloadController.swift in Sources */,
				00343B18229C0BF800DFE790 /* RefreshView.swift in Sources */,
				007D979322A14CF20000AE47 /* UserDetailBottomView.swift in Sources */,
				00AA05CE22A0CAB7005529D3 /* UserDetail.swift in Sources */,
				00343A28229BB56E00DFE790 /* MyNavigationController.swift in Sources */,
				007D974222A122390000AE47 /* UserDetailViewController2.swift in Sources */,
				007D973422A121100000AE47 /* UserDetailBottomPopController.swift in Sources */,
				00343B0E229C065500DFE790 /* WeitoutiaoViewController.swift in Sources */,
				000ACC5B22AF9AFA00711E1A /* SVProgressHUD+Extension.swift in Sources */,
				007D978622A14C420000AE47 /* RelationRecommendCell.swift in Sources */,
				007D976922A14A830000AE47 /* DongtaiOriginThreadView.swift in Sources */,
				007D974822A122750000AE47 /* DongtaiDetailViewController.swift in Sources */,
				007D97A122A14DC20000AE47 /* UserDetailHeaderView.swift in Sources */,
				F44C1172229D85C7009A15C7 /* MyCellModel.swift in Sources */,
				007D978E22A14CB10000AE47 /* SettingCell.swift in Sources */,
				007D97AC22A14E920000AE47 /* UserDetailWendaCell.swift in Sources */,
				007D972E22A120BD0000AE47 /* UserDetailViewController.swift in Sources */,
				007D973722A121830000AE47 /* MyPresentationController.swift in Sources */,
				007D973122A120E50000AE47 /* UserDetailBottomPushController.swift in Sources */,
				00343B0A229C060700DFE790 /* VideoViewController.swift in Sources */,
				007D976522A14A430000AE47 /* DongtaiNavigationBar.swift in Sources */,
				007D977B22A14BA10000AE47 /* PostCommentView.swift in Sources */,
				00343B16229C0BD400DFE790 /* RichLabel.swift in Sources */,
				007D977922A14B8C0000AE47 /* OfflineSectionHeader.swift in Sources */,
				00343A2A229BB5E300DFE790 /* MyTabbarController.swift in Sources */,
				007D973A22A121E80000AE47 /* PreviewDongtaiBigImageController.swift in Sources */,
				007D979622A14D4D0000AE47 /* UserDetailCell.swift in Sources */,
				00AA05F122A0DB9B005529D3 /* NoLoginHeaderView.swift in Sources */,
				00AA05D422A0CDB8005529D3 /* PopoverAnimator.swift in Sources */,
				00343B0C229C061A00DFE790 /* HuoshanViewController.swift in Sources */,
				007D97B022A14EAF0000AE47 /* UserDiggCell.swift in Sources */,
				00343B12229C068F00DFE790 /* RedPackageViewController2.swift in Sources */,
				00AA05D722A0D209005529D3 /* MyOtherCell.swift in Sources */,
				007D975022A122CC0000AE47 /* UserDiggViewController.swift in Sources */,
				F44C1176229D87E2009A15C7 /* NetworkTool.swift in Sources */,
				007D979A22A14D6F0000AE47 /* UserDetailDongTaiCell.swift in Sources */,
				000ACC5522AE337C00711E1A /* NewsModel.swift in Sources */,
				00AA05CC22A0C40D005529D3 /* Calculatable.swift in Sources */,
				007D978922A14C710000AE47 /* RelationRecommendView.swift in Sources */,
				007D978322A14C1C0000AE47 /* PreviewDongtaiBigImageLayout.swift in Sources */,
				007D977022A14AF00000AE47 /* EmojiCollectionCell.swift in Sources */,
				007D973E22A1220D0000AE47 /* PreviewUserAvatarController.swift in Sources */,
				00343A0F229B903E00DFE790 /* ViewController.swift in Sources */,
				007D97A322A14DF00000AE47 /* UserDetailHeaderView2.swift in Sources */,
				00343A0D229B903E00DFE790 /* AppDelegate.swift in Sources */,
				00343B10229C068100DFE790 /* RedPackageViewController.swift in Sources */,
				00AA05EE22A0D96A005529D3 /* MyConcernCell.swift in Sources */,
				00AA05F422A0DC98005529D3 /* MyTheme.swift in Sources */,
				007D979122A14CD50000AE47 /* TopTabScrollView.swift in Sources */,
				00343AF1229BF20900DFE790 /* Const.swift in Sources */,
				00AA05C4229FBDD4005529D3 /* Emoji.swift in Sources */,
				00343B08229C05ED00DFE790 /* HomeViewController.swift in Sources */,
				00E5231222A27427006EF395 /* SnapKitTestView.swift in Sources */,
				007D975722A1252D0000AE47 /* DongtaiCollectionView.swift in Sources */,
				00343B14229C0BB200DFE790 /* MyTabbar.swift in Sources */,
				007D977622A14B5F0000AE47 /* OfflineDownloadCell.swift in Sources */,
				00AA05C2229FAA53005529D3 /* UIKit+Extension.swift in Sources */,
				007D974522A122590000AE47 /* DongtaiTableViewController.swift in Sources */,
				000ACC5922AE357200711E1A /* Foundation+Extension.swift in Sources */,
				007D977322A14B280000AE47 /* EmojiLayout.swift in Sources */,
				007D97A722A14E430000AE47 /* UserDetailNavigationBar.swift in Sources */,
				F44C1170229D8554009A15C7 /* MineViewController.swift in Sources */,
			);
			runOnlyForDeploymentPostprocessing = 0;
		};
/* End PBXSourcesBuildPhase section */

/* Begin PBXVariantGroup section */
		00343A10229B903E00DFE790 /* Main.storyboard */ = {
			isa = PBXVariantGroup;
			children = (
				00343A11229B903E00DFE790 /* Base */,
			);
			name = Main.storyboard;
			sourceTree = "<group>";
		};
		00343A15229B903F00DFE790 /* LaunchScreen.storyboard */ = {
			isa = PBXVariantGroup;
			children = (
				00343A16229B903F00DFE790 /* Base */,
			);
			name = LaunchScreen.storyboard;
			sourceTree = "<group>";
		};
/* End PBXVariantGroup section */

/* Begin XCBuildConfiguration section */
		00343A19229B903F00DFE790 /* Debug */ = {
			isa = XCBuildConfiguration;
			buildSettings = {
				ALWAYS_SEARCH_USER_PATHS = NO;
				CLANG_ANALYZER_NONNULL = YES;
				CLANG_ANALYZER_NUMBER_OBJECT_CONVERSION = YES_AGGRESSIVE;
				CLANG_CXX_LANGUAGE_STANDARD = "gnu++14";
				CLANG_CXX_LIBRARY = "libc++";
				CLANG_ENABLE_MODULES = YES;
				CLANG_ENABLE_OBJC_ARC = YES;
				CLANG_ENABLE_OBJC_WEAK = YES;
				CLANG_WARN_BLOCK_CAPTURE_AUTORELEASING = YES;
				CLANG_WARN_BOOL_CONVERSION = YES;
				CLANG_WARN_COMMA = YES;
				CLANG_WARN_CONSTANT_CONVERSION = YES;
				CLANG_WARN_DEPRECATED_OBJC_IMPLEMENTATIONS = YES;
				CLANG_WARN_DIRECT_OBJC_ISA_USAGE = YES_ERROR;
				CLANG_WARN_DOCUMENTATION_COMMENTS = YES;
				CLANG_WARN_EMPTY_BODY = YES;
				CLANG_WARN_ENUM_CONVERSION = YES;
				CLANG_WARN_INFINITE_RECURSION = YES;
				CLANG_WARN_INT_CONVERSION = YES;
				CLANG_WARN_NON_LITERAL_NULL_CONVERSION = YES;
				CLANG_WARN_OBJC_IMPLICIT_RETAIN_SELF = YES;
				CLANG_WARN_OBJC_LITERAL_CONVERSION = YES;
				CLANG_WARN_OBJC_ROOT_CLASS = YES_ERROR;
				CLANG_WARN_RANGE_LOOP_ANALYSIS = YES;
				CLANG_WARN_STRICT_PROTOTYPES = YES;
				CLANG_WARN_SUSPICIOUS_MOVE = YES;
				CLANG_WARN_UNGUARDED_AVAILABILITY = YES_AGGRESSIVE;
				CLANG_WARN_UNREACHABLE_CODE = YES;
				CLANG_WARN__DUPLICATE_METHOD_MATCH = YES;
				CODE_SIGN_IDENTITY = "iPhone Developer";
				COPY_PHASE_STRIP = NO;
				DEBUG_INFORMATION_FORMAT = dwarf;
				ENABLE_STRICT_OBJC_MSGSEND = YES;
				ENABLE_TESTABILITY = YES;
				GCC_C_LANGUAGE_STANDARD = gnu11;
				GCC_DYNAMIC_NO_PIC = NO;
				GCC_NO_COMMON_BLOCKS = YES;
				GCC_OPTIMIZATION_LEVEL = 0;
				GCC_PREPROCESSOR_DEFINITIONS = (
					"DEBUG=1",
					"$(inherited)",
				);
				GCC_WARN_64_TO_32_BIT_CONVERSION = YES;
				GCC_WARN_ABOUT_RETURN_TYPE = YES_ERROR;
				GCC_WARN_UNDECLARED_SELECTOR = YES;
				GCC_WARN_UNINITIALIZED_AUTOS = YES_AGGRESSIVE;
				GCC_WARN_UNUSED_FUNCTION = YES;
				GCC_WARN_UNUSED_VARIABLE = YES;
				IPHONEOS_DEPLOYMENT_TARGET = 12.1;
				MTL_ENABLE_DEBUG_INFO = INCLUDE_SOURCE;
				MTL_FAST_MATH = YES;
				ONLY_ACTIVE_ARCH = YES;
				SDKROOT = iphoneos;
				SWIFT_ACTIVE_COMPILATION_CONDITIONS = DEBUG;
				SWIFT_OPTIMIZATION_LEVEL = "-Onone";
			};
			name = Debug;
		};
		00343A1A229B903F00DFE790 /* Release */ = {
			isa = XCBuildConfiguration;
			buildSettings = {
				ALWAYS_SEARCH_USER_PATHS = NO;
				CLANG_ANALYZER_NONNULL = YES;
				CLANG_ANALYZER_NUMBER_OBJECT_CONVERSION = YES_AGGRESSIVE;
				CLANG_CXX_LANGUAGE_STANDARD = "gnu++14";
				CLANG_CXX_LIBRARY = "libc++";
				CLANG_ENABLE_MODULES = YES;
				CLANG_ENABLE_OBJC_ARC = YES;
				CLANG_ENABLE_OBJC_WEAK = YES;
				CLANG_WARN_BLOCK_CAPTURE_AUTORELEASING = YES;
				CLANG_WARN_BOOL_CONVERSION = YES;
				CLANG_WARN_COMMA = YES;
				CLANG_WARN_CONSTANT_CONVERSION = YES;
				CLANG_WARN_DEPRECATED_OBJC_IMPLEMENTATIONS = YES;
				CLANG_WARN_DIRECT_OBJC_ISA_USAGE = YES_ERROR;
				CLANG_WARN_DOCUMENTATION_COMMENTS = YES;
				CLANG_WARN_EMPTY_BODY = YES;
				CLANG_WARN_ENUM_CONVERSION = YES;
				CLANG_WARN_INFINITE_RECURSION = YES;
				CLANG_WARN_INT_CONVERSION = YES;
				CLANG_WARN_NON_LITERAL_NULL_CONVERSION = YES;
				CLANG_WARN_OBJC_IMPLICIT_RETAIN_SELF = YES;
				CLANG_WARN_OBJC_LITERAL_CONVERSION = YES;
				CLANG_WARN_OBJC_ROOT_CLASS = YES_ERROR;
				CLANG_WARN_RANGE_LOOP_ANALYSIS = YES;
				CLANG_WARN_STRICT_PROTOTYPES = YES;
				CLANG_WARN_SUSPICIOUS_MOVE = YES;
				CLANG_WARN_UNGUARDED_AVAILABILITY = YES_AGGRESSIVE;
				CLANG_WARN_UNREACHABLE_CODE = YES;
				CLANG_WARN__DUPLICATE_METHOD_MATCH = YES;
				CODE_SIGN_IDENTITY = "iPhone Developer";
				COPY_PHASE_STRIP = NO;
				DEBUG_INFORMATION_FORMAT = "dwarf-with-dsym";
				ENABLE_NS_ASSERTIONS = NO;
				ENABLE_STRICT_OBJC_MSGSEND = YES;
				GCC_C_LANGUAGE_STANDARD = gnu11;
				GCC_NO_COMMON_BLOCKS = YES;
				GCC_WARN_64_TO_32_BIT_CONVERSION = YES;
				GCC_WARN_ABOUT_RETURN_TYPE = YES_ERROR;
				GCC_WARN_UNDECLARED_SELECTOR = YES;
				GCC_WARN_UNINITIALIZED_AUTOS = YES_AGGRESSIVE;
				GCC_WARN_UNUSED_FUNCTION = YES;
				GCC_WARN_UNUSED_VARIABLE = YES;
				IPHONEOS_DEPLOYMENT_TARGET = 12.1;
				MTL_ENABLE_DEBUG_INFO = NO;
				MTL_FAST_MATH = YES;
				SDKROOT = iphoneos;
				SWIFT_COMPILATION_MODE = wholemodule;
				SWIFT_OPTIMIZATION_LEVEL = "-O";
				VALIDATE_PRODUCT = YES;
			};
			name = Release;
		};
		00343A1C229B903F00DFE790 /* Debug */ = {
			isa = XCBuildConfiguration;
			baseConfigurationReference = 5EECACF1D300DE5540A1E08D /* Pods-TodayNews.debug.xcconfig */;
			buildSettings = {
				ASSETCATALOG_COMPILER_APPICON_NAME = AppIcon;
				CODE_SIGN_STYLE = Automatic;
				DEVELOPMENT_TEAM = 45SYZ7RA7G;
				INFOPLIST_FILE = TodayNews/Info.plist;
				IPHONEOS_DEPLOYMENT_TARGET = 10.0;
				LD_RUNPATH_SEARCH_PATHS = (
					"$(inherited)",
					"@executable_path/Frameworks",
				);
				PRODUCT_BUNDLE_IDENTIFIER = com.hello3ds.haha.TodayNews;
				PRODUCT_NAME = "$(TARGET_NAME)";
				SWIFT_VERSION = 4.2;
				TARGETED_DEVICE_FAMILY = "1,2";
			};
			name = Debug;
		};
		00343A1D229B903F00DFE790 /* Release */ = {
			isa = XCBuildConfiguration;
			baseConfigurationReference = 778895AE99D32A1FC92E6DAC /* Pods-TodayNews.release.xcconfig */;
			buildSettings = {
				ASSETCATALOG_COMPILER_APPICON_NAME = AppIcon;
				CODE_SIGN_STYLE = Automatic;
				DEVELOPMENT_TEAM = 45SYZ7RA7G;
				INFOPLIST_FILE = TodayNews/Info.plist;
				IPHONEOS_DEPLOYMENT_TARGET = 10.0;
				LD_RUNPATH_SEARCH_PATHS = (
					"$(inherited)",
					"@executable_path/Frameworks",
				);
				PRODUCT_BUNDLE_IDENTIFIER = com.hello3ds.haha.TodayNews;
				PRODUCT_NAME = "$(TARGET_NAME)";
				SWIFT_VERSION = 4.2;
				TARGETED_DEVICE_FAMILY = "1,2";
			};
			name = Release;
		};
/* End XCBuildConfiguration section */

/* Begin XCConfigurationList section */
		00343A04229B903D00DFE790 /* Build configuration list for PBXProject "TodayNews" */ = {
			isa = XCConfigurationList;
			buildConfigurations = (
				00343A19229B903F00DFE790 /* Debug */,
				00343A1A229B903F00DFE790 /* Release */,
			);
			defaultConfigurationIsVisible = 0;
			defaultConfigurationName = Release;
		};
		00343A1B229B903F00DFE790 /* Build configuration list for PBXNativeTarget "TodayNews" */ = {
			isa = XCConfigurationList;
			buildConfigurations = (
				00343A1C229B903F00DFE790 /* Debug */,
				00343A1D229B903F00DFE790 /* Release */,
			);
			defaultConfigurationIsVisible = 0;
			defaultConfigurationName = Release;
		};
/* End XCConfigurationList section */
	};
	rootObject = 00343A01229B903D00DFE790 /* Project object */;
}
